
Microsoft Visual Studio Solution File, Format Version 12.00
# Visual Studio 15
VisualStudioVersion = 15.0.27130.0
MinimumVisualStudioVersion = 10.0.40219.1
Project("{8BC9CEB8-8B4A-11D0-8D11-00A0C91BC942}") = "19b 0f 40.right", "19b 0f 40.right\19b 0f 40.right.vcxproj", "{94B6285D-5AAA-464A-8319-4C1C5A603005}"
EndProject
Global
	GlobalSection(SolutionConfigurationPlatforms) = preSolution
		Debug|x64 = Debug|x64
		Debug|x86 = Debug|x86
		Release|x64 = Release|x64
		Release|x86 = Release|x86
	EndGlobalSection
	GlobalSection(ProjectConfigurationPlatforms) = postSolution
		{94B6285D-5AAA-464A-8319-4C1C5A603005}.Debug|x64.ActiveCfg = Debug|x64
		{94B6285D-5AAA-464A-8319-4C1C5A603005}.Debug|x64.Build.0 = Debug|x64
		{94B6285D-5AAA-464A-8319-4C1C5A603005}.Debug|x86.ActiveCfg = Debug|Win32
		{94B6285D-5AAA-464A-8319-4C1C5A603005}.Debug|x86.Build.0 = Debug|Win32
		{94B6285D-5AAA-464A-8319-4C1C5A603005}.Release|x64.ActiveCfg = Release|x64
		{94B6285D-5AAA-464A-8319-4C1C5A603005}.Release|x64.Build.0 = Release|x64
		{94B6285D-5AAA-464A-8319-4C1C5A603005}.Release|x86.ActiveCfg = Release|Win32
		{94B6285D-5AAA-464A-8319-4C1C5A603005}.Release|x86.Build.0 = Release|Win32
	EndGlobalSection
	GlobalSection(SolutionProperties) = preSolution
		HideSolutionNode = FALSE
	EndGlobalSection
	GlobalSection(ExtensibilityGlobals) = postSolution
		SolutionGuid = {20954FF1-470F-4A67-98C2-A703A078A96C}
	EndGlobalSection
EndGlobal
